
Microsoft Visual Studio Solution File, Format Version 12.00
# Visual Studio 2012
Project("{FAE04EC0-301F-11D3-BF4B-00C04F79EFBC}") = "NetChange", "NetChange\NetChange.csproj", "{CC44D02C-3549-447A-893E-95CF74D5CECD}"
EndProject
Project("{FAE04EC0-301F-11D3-BF4B-00C04F79EFBC}") = "Server", "Server\Server.csproj", "{0A889C30-C69D-44A7-8AF4-7EC2392AE19F}"
EndProject
Project("{FAE04EC0-301F-11D3-BF4B-00C04F79EFBC}") = "Client", "Client\Client.csproj", "{C4BAA585-56CA-4F31-A925-63BCB87D0DEB}"
EndProject
Global
	GlobalSection(SolutionConfigurationPlatforms) = preSolution
		Debug|Any CPU = Debug|Any CPU
		Release|Any CPU = Release|Any CPU
	EndGlobalSection
	GlobalSection(ProjectConfigurationPlatforms) = postSolution
		{CC44D02C-3549-447A-893E-95CF74D5CECD}.Debug|Any CPU.ActiveCfg = Debug|Any CPU
		{CC44D02C-3549-447A-893E-95CF74D5CECD}.Debug|Any CPU.Build.0 = Debug|Any CPU
		{CC44D02C-3549-447A-893E-95CF74D5CECD}.Release|Any CPU.ActiveCfg = Release|Any CPU
		{CC44D02C-3549-447A-893E-95CF74D5CECD}.Release|Any CPU.Build.0 = Release|Any CPU
		{0A889C30-C69D-44A7-8AF4-7EC2392AE19F}.Debug|Any CPU.ActiveCfg = Debug|Any CPU
		{0A889C30-C69D-44A7-8AF4-7EC2392AE19F}.Debug|Any CPU.Build.0 = Debug|Any CPU
		{0A889C30-C69D-44A7-8AF4-7EC2392AE19F}.Release|Any CPU.ActiveCfg = Release|Any CPU
		{0A889C30-C69D-44A7-8AF4-7EC2392AE19F}.Release|Any CPU.Build.0 = Release|Any CPU
		{C4BAA585-56CA-4F31-A925-63BCB87D0DEB}.Debug|Any CPU.ActiveCfg = Debug|Any CPU
		{C4BAA585-56CA-4F31-A925-63BCB87D0DEB}.Debug|Any CPU.Build.0 = Debug|Any CPU
		{C4BAA585-56CA-4F31-A925-63BCB87D0DEB}.Release|Any CPU.ActiveCfg = Release|Any CPU
		{C4BAA585-56CA-4F31-A925-63BCB87D0DEB}.Release|Any CPU.Build.0 = Release|Any CPU
	EndGlobalSection
	GlobalSection(SolutionProperties) = preSolution
		HideSolutionNode = FALSE
	EndGlobalSection
EndGlobal
